
Microsoft Visual Studio Solution File, Format Version 12.00
# Visual Studio Version 16
VisualStudioVersion = 16.0.31911.196
MinimumVisualStudioVersion = 10.0.40219.1
Project("{FAE04EC0-301F-11D3-BF4B-00C04F79EFBC}") = "COMP2129_GroupProject_001", "COMP2129_GroupProject_001.csproj", "{2D98E87B-DA6A-429A-821B-6B67A3D34EEA}"
EndProject
Global
	GlobalSection(SolutionConfigurationPlatforms) = preSolution
		Debug|Any CPU = Debug|Any CPU
		Release|Any CPU = Release|Any CPU
	EndGlobalSection
	GlobalSection(ProjectConfigurationPlatforms) = postSolution
		{2D98E87B-DA6A-429A-821B-6B67A3D34EEA}.Debug|Any CPU.ActiveCfg = Debug|Any CPU
		{2D98E87B-DA6A-429A-821B-6B67A3D34EEA}.Debug|Any CPU.Build.0 = Debug|Any CPU
		{2D98E87B-DA6A-429A-821B-6B67A3D34EEA}.Release|Any CPU.ActiveCfg = Release|Any CPU
		{2D98E87B-DA6A-429A-821B-6B67A3D34EEA}.Release|Any CPU.Build.0 = Release|Any CPU
	EndGlobalSection
	GlobalSection(SolutionProperties) = preSolution
		HideSolutionNode = FALSE
	EndGlobalSection
	GlobalSection(ExtensibilityGlobals) = postSolution
		SolutionGuid = {A2A15355-DF03-4718-A92B-3FAC2F7AE168}
	EndGlobalSection
EndGlobal
